
Microsoft Visual Studio Solution File, Format Version 12.00
# Visual Studio Version 16
VisualStudioVersion = 16.0.31410.357
MinimumVisualStudioVersion = 10.0.40219.1
Project("{FAE04EC0-301F-11D3-BF4B-00C04F79EFBC}") = "Epicentre", "Epicentre.csproj", "{217FF1EF-DD82-4BA9-BD58-BDC23A7B645C}"
EndProject
Global
	GlobalSection(SolutionConfigurationPlatforms) = preSolution
		Debug|Any CPU = Debug|Any CPU
		Release|Any CPU = Release|Any CPU
	EndGlobalSection
	GlobalSection(ProjectConfigurationPlatforms) = postSolution
		{217FF1EF-DD82-4BA9-BD58-BDC23A7B645C}.Debug|Any CPU.ActiveCfg = Debug|Any CPU
		{217FF1EF-DD82-4BA9-BD58-BDC23A7B645C}.Debug|Any CPU.Build.0 = Debug|Any CPU
		{217FF1EF-DD82-4BA9-BD58-BDC23A7B645C}.Release|Any CPU.ActiveCfg = Release|Any CPU
		{217FF1EF-DD82-4BA9-BD58-BDC23A7B645C}.Release|Any CPU.Build.0 = Release|Any CPU
	EndGlobalSection
	GlobalSection(SolutionProperties) = preSolution
		HideSolutionNode = FALSE
	EndGlobalSection
	GlobalSection(ExtensibilityGlobals) = postSolution
		SolutionGuid = {A02EF37C-A87D-42EC-BABC-2D377C86A64C}
	EndGlobalSection
EndGlobal
